<?xml version="1.0" encoding="utf-8"?>
<Project ToolsVersion="4.0" xmlns="http://schemas.microsoft.com/developer/msbuild/2003">
  <ItemGroup>
    <Filter Include="Source Files">
      <UniqueIdentifier>{4FC737F1-C7A5-4376-A066-2A32D752A2FF}</UniqueIdentifier>
      <Extensions>cpp;c;cc;cxx;def;odl;idl;hpj;bat;asm;asmx</Extensions>
    </Filter>
    <Filter Include="Header Files">
      <UniqueIdentifier>{93995380-89BD-4b04-88EB-625FBE52EBFB}</UniqueIdentifier>
      <Extensions>h;hh;hpp;hxx;hm;inl;inc;xsd</Extensions>
    </Filter>
    <Filter Include="Resource Files">
      <UniqueIdentifier>{D9D6E242-F8AF-46E4-B9FD-80ECBC20BA3E}</UniqueIdentifier>
      <Extensions>qrc;*</Extensions>
      <ParseFiles>false</ParseFiles>
    </Filter>
    <Filter Include="Form Files">
      <UniqueIdentifier>{99349809-55BA-4b9d-BF79-8FDBB0286EB3}</UniqueIdentifier>
      <Extensions>ui</Extensions>
    </Filter>
    <Filter Include="Resource Files">
      <UniqueIdentifier>{D9D6E242-F8AF-46E4-B9FD-80ECBC20BA3E}</UniqueIdentifier>
      <Extensions>qrc;*</Extensions>
      <ParseFiles>false</ParseFiles>
    </Filter>
    <Filter Include="Generated Files">
      <UniqueIdentifier>{71ED8ED8-ACB9-4CE9-BBE1-E00B30144E11}</UniqueIdentifier>
      <Extensions>moc;h;cpp</Extensions>
      <SourceControlFiles>False</SourceControlFiles>
    </Filter>
    <Filter Include="Source Files\Triggers">
      <UniqueIdentifier>{c83344be-7686-4306-9a21-c003064b86cf}</UniqueIdentifier>
    </Filter>
    <Filter Include="Source Files\AnimicObjects">
      <UniqueIdentifier>{ad096060-6197-46b1-84f5-695435dbb6b5}</UniqueIdentifier>
    </Filter>
    <Filter Include="Source Files\ViewPort">
      <UniqueIdentifier>{ba565a10-0355-45ef-baa1-9b9e685054c9}</UniqueIdentifier>
    </Filter>
    <Filter Include="Source Files\Core">
      <UniqueIdentifier>{331ba563-f3a0-4c1c-88d9-b8a7c215965e}</UniqueIdentifier>
    </Filter>
    <Filter Include="Source Files\ProjectFileHandler">
      <UniqueIdentifier>{658fe90a-f4f6-46e3-b058-806910a2d98f}</UniqueIdentifier>
    </Filter>
    <Filter Include="Header Files\TriggersH">
      <UniqueIdentifier>{69468fd6-e326-420e-80ec-e91d66ad1cd6}</UniqueIdentifier>
    </Filter>
    <Filter Include="Header Files\AnimicObjectsH">
      <UniqueIdentifier>{b92f5f7a-b1dd-4033-8813-f5858f3c627a}</UniqueIdentifier>
    </Filter>
    <Filter Include="Header Files\ProjectFileHandlerH">
      <UniqueIdentifier>{d8a8312c-a9b9-4789-99b5-f791b12387af}</UniqueIdentifier>
    </Filter>
  </ItemGroup>
  <ItemGroup>
    <ClCompile Include="main.cpp">
      <Filter>Source Files</Filter>
    </ClCompile>
    <ClCompile Include="stdafx.cpp">
      <Filter>Source Files</Filter>
    </ClCompile>
    <ClCompile Include="animic.cpp">
      <Filter>Source Files</Filter>
    </ClCompile>
    <ClCompile Include="Trigger.cpp">
      <Filter>Source Files\Triggers</Filter>
    </ClCompile>
    <ClCompile Include="AnimicObject.cpp">
      <Filter>Source Files\AnimicObjects</Filter>
    </ClCompile>
    <ClCompile Include="TimeTrigger.cpp">
      <Filter>Source Files\Triggers</Filter>
    </ClCompile>
    <ClCompile Include="AutoTrigger.cpp">
      <Filter>Source Files\Triggers</Filter>
    </ClCompile>
    <ClCompile Include="BaseSequence.cpp">
      <Filter>Source Files</Filter>
    </ClCompile>
    <ClCompile Include="SubSequence.cpp">
      <Filter>Source Files</Filter>
    </ClCompile>
    <ClCompile Include="MultiSequence.cpp">
      <Filter>Source Files</Filter>
    </ClCompile>
    <ClCompile Include="Scene.cpp">
      <Filter>Source Files</Filter>
    </ClCompile>
    <ClCompile Include="Viewport.cpp">
      <Filter>Source Files</Filter>
    </ClCompile>
    <ClCompile Include="Canvas.cpp">
      <Filter>Source Files</Filter>
    </ClCompile>
    <ClCompile Include="Color.cpp">
      <Filter>Source Files</Filter>
    </ClCompile>
    <ClCompile Include="TimeManipulator.cpp">
      <Filter>Source Files</Filter>
    </ClCompile>
    <ClCompile Include="ObjectLayer.cpp">
      <Filter>Source Files</Filter>
    </ClCompile>
    <ClCompile Include="Previewer.cpp">
      <Filter>Source Files</Filter>
    </ClCompile>
    <ClCompile Include="VideoObject.cpp">
      <Filter>Source Files\AnimicObjects</Filter>
    </ClCompile>
    <ClCompile Include="AudioObject.cpp">
      <Filter>Source Files\AnimicObjects</Filter>
    </ClCompile>
    <ClCompile Include="DialogueObject.cpp">
      <Filter>Source Files\AnimicObjects</Filter>
    </ClCompile>
    <ClCompile Include="AnimicProjectLoader.cpp">
      <Filter>Source Files\ProjectFileHandler</Filter>
    </ClCompile>
    <ClCompile Include="AnimicProjectSaver.cpp">
      <Filter>Source Files\ProjectFileHandler</Filter>
    </ClCompile>
    <ClCompile Include="AnimicProjectExporter.cpp">
      <Filter>Source Files\ProjectFileHandler</Filter>
    </ClCompile>
  </ItemGroup>
  <ItemGroup>
    <ClInclude Include="stdafx.h">
      <Filter>Header Files</Filter>
    </ClInclude>
    <ClInclude Include="BaseSequence.h">
      <Filter>Header Files</Filter>
    </ClInclude>
    <ClInclude Include="SubSequence.h">
      <Filter>Header Files</Filter>
    </ClInclude>
    <ClInclude Include="MultiSequence.h">
      <Filter>Header Files</Filter>
    </ClInclude>
    <ClInclude Include="Scene.h">
      <Filter>Header Files</Filter>
    </ClInclude>
    <ClInclude Include="Viewport.h">
      <Filter>Header Files</Filter>
    </ClInclude>
    <ClInclude Include="Canvas.h">
      <Filter>Header Files</Filter>
    </ClInclude>
    <ClInclude Include="Color.h">
      <Filter>Header Files</Filter>
    </ClInclude>
    <ClInclude Include="TimeManipulator.h">
      <Filter>Header Files</Filter>
    </ClInclude>
    <ClInclude Include="ObjectLayer.h">
      <Filter>Header Files</Filter>
    </ClInclude>
    <ClInclude Include="Previewer.h">
      <Filter>Header Files</Filter>
    </ClInclude>
    <ClInclude Include="AnimicObject.h">
      <Filter>Header Files\AnimicObjectsH</Filter>
    </ClInclude>
    <ClInclude Include="AudioObject.h">
      <Filter>Header Files\AnimicObjectsH</Filter>
    </ClInclude>
    <ClInclude Include="DialogueObject.h">
      <Filter>Header Files\AnimicObjectsH</Filter>
    </ClInclude>
    <ClInclude Include="VideoObject.h">
      <Filter>Header Files\AnimicObjectsH</Filter>
    </ClInclude>
    <ClInclude Include="Trigger.h">
      <Filter>Header Files\TriggersH</Filter>
    </ClInclude>
    <ClInclude Include="TimeTrigger.h">
      <Filter>Header Files\TriggersH</Filter>
    </ClInclude>
    <ClInclude Include="AutoTrigger.h">
      <Filter>Header Files\TriggersH</Filter>
    </ClInclude>
    <ClInclude Include="AnimicProjectStructure.h">
      <Filter>Header Files\ProjectFileHandlerH</Filter>
    </ClInclude>
    <ClInclude Include="AnimicProjectSaver.h">
      <Filter>Header Files\ProjectFileHandlerH</Filter>
    </ClInclude>
    <ClInclude Include="AnimicProjectLoader.h">
      <Filter>Header Files\ProjectFileHandlerH</Filter>
    </ClInclude>
    <ClInclude Include="AnimicProjectExporter.h">
      <Filter>Header Files\ProjectFileHandlerH</Filter>
    </ClInclude>
  </ItemGroup>
  <ItemGroup>
    <QtMoc Include="animic.h">
      <Filter>Header Files</Filter>
    </QtMoc>
  </ItemGroup>
  <ItemGroup>
    <QtUic Include="animic.ui">
      <Filter>Form Files</Filter>
    </QtUic>
  </ItemGroup>
  <ItemGroup>
    <QtRcc Include="animic.qrc">
      <Filter>Resource Files</Filter>
    </QtRcc>
  </ItemGroup>
  <ItemGroup>
    <ResourceCompile Include="Animic.rc" />
  </ItemGroup>
</Project>