<?xml version="1.0" encoding="utf-8"?>
<Project ToolsVersion="4.0" xmlns="http://schemas.microsoft.com/developer/msbuild/2003">
  <ItemGroup>
    <Filter Include="Source Files">
      <UniqueIdentifier>{4FC737F1-C7A5-4376-A066-2A32D752A2FF}</UniqueIdentifier>
      <Extensions>cpp;c;cc;cxx;def;odl;idl;hpj;bat;asm;asmx</Extensions>
    </Filter>
    <Filter Include="Header Files">
      <UniqueIdentifier>{93995380-89BD-4b04-88EB-625FBE52EBFB}</UniqueIdentifier>
      <Extensions>h;hh;hpp;hxx;hm;inl;inc;xsd</Extensions>
    </Filter>
    <Filter Include="Resource Files">
      <UniqueIdentifier>{D9D6E242-F8AF-46E4-B9FD-80ECBC20BA3E}</UniqueIdentifier>
      <Extensions>qrc;*</Extensions>
      <ParseFiles>false</ParseFiles>
    </Filter>
    <Filter Include="Form Files">
      <UniqueIdentifier>{99349809-55BA-4b9d-BF79-8FDBB0286EB3}</UniqueIdentifier>
      <Extensions>ui</Extensions>
    </Filter>
    <Filter Include="Resource Files">
      <UniqueIdentifier>{D9D6E242-F8AF-46E4-B9FD-80ECBC20BA3E}</UniqueIdentifier>
      <Extensions>qrc;*</Extensions>
      <ParseFiles>false</ParseFiles>
    </Filter>
    <Filter Include="Generated Files">
      <UniqueIdentifier>{71ED8ED8-ACB9-4CE9-BBE1-E00B30144E11}</UniqueIdentifier>
      <Extensions>moc;h;cpp</Extensions>
      <SourceControlFiles>False</SourceControlFiles>
    </Filter>
  </ItemGroup>
  <ItemGroup>
    <ClCompile Include="main.cpp">
      <Filter>Source Files</Filter>
    </ClCompile>
    <ClCompile Include="stdafx.cpp">
      <Filter>Source Files</Filter>
    </ClCompile>
    <ClCompile Include="animic.cpp">
      <Filter>Source Files</Filter>
    </ClCompile>
    <ClCompile Include="PropertiesModule\PropertiesHandler.cpp">
      <Filter>Source Files</Filter>
    </ClCompile>
    <ClCompile Include="CanvasModule\CanvasObject\VideoObject.cpp">
      <Filter>Source Files</Filter>
    </ClCompile>
    <ClCompile Include="ProjectManagementModule\AnimicProjectExporter.cpp">
      <Filter>Source Files</Filter>
    </ClCompile>
    <ClCompile Include="ProjectManagementModule\AnimicProjectLoader.cpp">
      <Filter>Source Files</Filter>
    </ClCompile>
    <ClCompile Include="ProjectManagementModule\AnimicProjectSaver.cpp">
      <Filter>Source Files</Filter>
    </ClCompile>
    <ClCompile Include="AssetHandlerModule\AssetHandler.cpp">
      <Filter>Source Files</Filter>
    </ClCompile>
    <ClCompile Include="CanvasModule\CanvasObject\RectHandle.cpp">
      <Filter>Source Files</Filter>
    </ClCompile>
    <ClCompile Include="CanvasModule\AnimicScene.cpp">
      <Filter>Source Files</Filter>
    </ClCompile>
    <ClCompile Include="ProjectManagementModule\ProjectHandler.cpp">
      <Filter>Source Files</Filter>
    </ClCompile>
    <ClCompile Include="ProjectManagementModule\Dialogs\NewProjectDialog.cpp">
      <Filter>Source Files</Filter>
    </ClCompile>
    <ClCompile Include="StitchingModule\StitchingDialog.cpp">
      <Filter>Source Files</Filter>
    </ClCompile>
    <ClCompile Include="CanvasModule\AnimicView.cpp">
      <Filter>Source Files</Filter>
    </ClCompile>
    <ClCompile Include="StitchingModule\StitchingScene.cpp">
      <Filter>Source Files</Filter>
    </ClCompile>
    <ClCompile Include="StitchingModule\StitchingListWidget.cpp">
      <Filter>Source Files</Filter>
    </ClCompile>
    <ClCompile Include="TimelineModule\AnimicSlider.cpp">
      <Filter>Source Files</Filter>
    </ClCompile>
    <ClCompile Include="PropertiesModule\VideoProperties.cpp">
      <Filter>Source Files</Filter>
    </ClCompile>
    <ClCompile Include="PropertiesModule\DroppableLineEdit.cpp">
      <Filter>Source Files</Filter>
    </ClCompile>
    <ClCompile Include="PropertiesModule\SceneProperties.cpp">
      <Filter>Source Files</Filter>
    </ClCompile>
    <ClCompile Include="StitchingModule\Triggers\TwoWayTrigger.cpp">
      <Filter>Source Files</Filter>
    </ClCompile>
    <ClCompile Include="StitchingModule\Triggers\TimedMashTrigger.cpp">
      <Filter>Source Files</Filter>
    </ClCompile>
    <ClCompile Include="StitchingModule\TriggerProperties\TwoWayTriggerProperties.cpp">
      <Filter>Source Files</Filter>
    </ClCompile>
    <ClCompile Include="PreviewerModule\PreviewDialog.cpp">
      <Filter>Source Files</Filter>
    </ClCompile>
    <ClCompile Include="ModelViewModule\AnimicListView.cpp">
      <Filter>Source Files</Filter>
    </ClCompile>
    <ClCompile Include="ModelViewModule\SceneListModel.cpp">
      <Filter>Source Files</Filter>
    </ClCompile>
    <ClCompile Include="ModelViewModule\SceneListDelegate.cpp">
      <Filter>Source Files</Filter>
    </ClCompile>
    <ClCompile Include="LayerModule\LayerList.cpp">
      <Filter>Source Files</Filter>
    </ClCompile>
    <ClCompile Include="LayerModule\LayerListItem.cpp">
      <Filter>Source Files</Filter>
    </ClCompile>
    <ClCompile Include="AssetHandlerModule\TriggerAssetHandler.cpp">
      <Filter>Source Files</Filter>
    </ClCompile>
    <ClCompile Include="StitchingModule\Triggers\BaseTrigger.cpp">
      <Filter>Source Files</Filter>
    </ClCompile>
    <ClCompile Include="StitchingModule\Triggers\OneWayTrigger.cpp">
      <Filter>Source Files</Filter>
    </ClCompile>
    <ClCompile Include="StitchingModule\TriggerProperties\TriggerPropertiesHandler.cpp">
      <Filter>Source Files</Filter>
    </ClCompile>
    <ClCompile Include="StitchingModule\TriggerProperties\TimedMashTriggerProperties.cpp">
      <Filter>Source Files</Filter>
    </ClCompile>
    <ClCompile Include="StitchingModule\TriggerProperties\OneWayTriggerProperties.cpp">
      <Filter>Source Files</Filter>
    </ClCompile>
    <ClCompile Include="PlaybackEngineCore.cpp">
      <Filter>Source Files</Filter>
    </ClCompile>
  </ItemGroup>
  <ItemGroup>
    <ClInclude Include="stdafx.h">
      <Filter>Header Files</Filter>
    </ClInclude>
    <ClInclude Include="CanvasModule\CanvasObject\BaseObject.h">
      <Filter>Header Files</Filter>
    </ClInclude>
    <ClInclude Include="ProjectManagementModule\AnimicProjectExporter.h">
      <Filter>Header Files</Filter>
    </ClInclude>
    <ClInclude Include="ProjectManagementModule\AnimicProjectLoader.h">
      <Filter>Header Files</Filter>
    </ClInclude>
    <ClInclude Include="ProjectManagementModule\AnimicProjectSaver.h">
      <Filter>Header Files</Filter>
    </ClInclude>
    <ClInclude Include="ProjectManagementModule\AnimicProjectStructure.h">
      <Filter>Header Files</Filter>
    </ClInclude>
    <ClInclude Include="CanvasModule\CanvasObject\RectHandle.h">
      <Filter>Header Files</Filter>
    </ClInclude>
    <ClInclude Include="ProjectManagementModule\ProjectHandler.h">
      <Filter>Header Files</Filter>
    </ClInclude>
    <ClInclude Include="StitchingModule\Triggers\BaseTrigger.h">
      <Filter>Header Files</Filter>
    </ClInclude>
    <ClInclude Include="LayerModule\LayerListItem.h">
      <Filter>Header Files</Filter>
    </ClInclude>
    <ClInclude Include="PlaybackEngineCore.h">
      <Filter>Header Files</Filter>
    </ClInclude>
  </ItemGroup>
  <ItemGroup>
    <QtMoc Include="animic.h">
      <Filter>Header Files</Filter>
    </QtMoc>
    <QtMoc Include="CanvasModule\CanvasObject\VideoObject.h">
      <Filter>Header Files</Filter>
    </QtMoc>
    <QtMoc Include="AssetHandlerModule\AssetHandler.h">
      <Filter>Header Files</Filter>
    </QtMoc>
    <QtMoc Include="CanvasModule\AnimicScene.h">
      <Filter>Header Files</Filter>
    </QtMoc>
    <QtMoc Include="ProjectManagementModule\Dialogs\NewProjectDialog.h">
      <Filter>Header Files</Filter>
    </QtMoc>
    <QtMoc Include="StitchingModule\StitchingDialog.h">
      <Filter>Header Files</Filter>
    </QtMoc>
    <QtMoc Include="CanvasModule\AnimicView.h">
      <Filter>Header Files</Filter>
    </QtMoc>
    <QtMoc Include="StitchingModule\StitchingScene.h">
      <Filter>Header Files</Filter>
    </QtMoc>
    <QtMoc Include="StitchingModule\StitchingListWidget.h">
      <Filter>Header Files</Filter>
    </QtMoc>
    <QtMoc Include="TimelineModule\AnimicSlider.h">
      <Filter>Header Files</Filter>
    </QtMoc>
    <QtMoc Include="PropertiesModule\PropertiesHandler.h">
      <Filter>Header Files</Filter>
    </QtMoc>
    <QtMoc Include="PropertiesModule\VideoProperties.h">
      <Filter>Header Files</Filter>
    </QtMoc>
    <QtMoc Include="PropertiesModule\DroppableLineEdit.h">
      <Filter>Header Files</Filter>
    </QtMoc>
    <QtMoc Include="PropertiesModule\SceneProperties.h">
      <Filter>Header Files</Filter>
    </QtMoc>
    <QtMoc Include="StitchingModule\Triggers\TwoWayTrigger.h">
      <Filter>Header Files</Filter>
    </QtMoc>
    <QtMoc Include="StitchingModule\Triggers\TimedMashTrigger.h">
      <Filter>Header Files</Filter>
    </QtMoc>
    <QtMoc Include="StitchingModule\TriggerProperties\TwoWayTriggerProperties.h">
      <Filter>Header Files</Filter>
    </QtMoc>
    <QtMoc Include="PreviewerModule\PreviewDialog.h">
      <Filter>Header Files</Filter>
    </QtMoc>
    <QtMoc Include="ModelViewModule\AnimicListView.h">
      <Filter>Header Files</Filter>
    </QtMoc>
    <QtMoc Include="ModelViewModule\SceneListModel.h">
      <Filter>Header Files</Filter>
    </QtMoc>
    <QtMoc Include="ModelViewModule\SceneListDelegate.h">
      <Filter>Header Files</Filter>
    </QtMoc>
    <QtMoc Include="AssetHandlerModule\TriggerAssetHandler.h">
      <Filter>Header Files</Filter>
    </QtMoc>
    <QtMoc Include="LayerModule\LayerList.h">
      <Filter>Header Files</Filter>
    </QtMoc>
    <QtMoc Include="StitchingModule\Triggers\OneWayTrigger.h">
      <Filter>Header Files</Filter>
    </QtMoc>
    <QtMoc Include="StitchingModule\TriggerProperties\TriggerPropertiesHandler.h">
      <Filter>Header Files</Filter>
    </QtMoc>
    <QtMoc Include="StitchingModule\TriggerProperties\TimedMashTriggerProperties.h">
      <Filter>Header Files</Filter>
    </QtMoc>
    <QtMoc Include="StitchingModule\TriggerProperties\OneWayTriggerProperties.h">
      <Filter>Header Files</Filter>
    </QtMoc>
  </ItemGroup>
  <ItemGroup>
    <QtUic Include="UiFiles\NewProjectDialog.ui">
      <Filter>Form Files</Filter>
    </QtUic>
    <QtUic Include="UiFiles\StitchingDialog.ui">
      <Filter>Form Files</Filter>
    </QtUic>
    <QtUic Include="UiFiles\animic.ui">
      <Filter>Form Files</Filter>
    </QtUic>
    <QtUic Include="UiFiles\PreviewDialog.ui">
      <Filter>Form Files</Filter>
    </QtUic>
  </ItemGroup>
  <ItemGroup>
    <QtRcc Include="animic.qrc">
      <Filter>Resource Files</Filter>
    </QtRcc>
  </ItemGroup>
  <ItemGroup>
    <ResourceCompile Include="Animic.rc" />
  </ItemGroup>
  <ItemGroup>
    <None Include="cpp.hint" />
  </ItemGroup>
  <ItemGroup>
    <Text Include="TimelineModule\TimelineQML\qmldir" />
  </ItemGroup>
</Project>